
Microsoft Visual Studio Solution File, Format Version 12.00
# Visual Studio 2013
VisualStudioVersion = 12.0.30501.0
MinimumVisualStudioVersion = 10.0.40219.1
Project("{FAE04EC0-301F-11D3-BF4B-00C04F79EFBC}") = "MovieMakerExporter", "MovieMakerExporter\MovieMakerExporter.csproj", "{B93B3D0E-ED0C-4238-841C-2B37CBF022D8}"
EndProject
Project("{FAE04EC0-301F-11D3-BF4B-00C04F79EFBC}") = "MovieMakerExporter.Tests", "MovieMakerExporter.Tests\MovieMakerExporter.Tests.csproj", "{A318BC13-15FC-4500-AF2E-3C13A5968CF6}"
EndProject
Global
	GlobalSection(SolutionConfigurationPlatforms) = preSolution
		Debug|Any CPU = Debug|Any CPU
		Release|Any CPU = Release|Any CPU
	EndGlobalSection
	GlobalSection(ProjectConfigurationPlatforms) = postSolution
		{B93B3D0E-ED0C-4238-841C-2B37CBF022D8}.Debug|Any CPU.ActiveCfg = Debug|Any CPU
		{B93B3D0E-ED0C-4238-841C-2B37CBF022D8}.Debug|Any CPU.Build.0 = Debug|Any CPU
		{B93B3D0E-ED0C-4238-841C-2B37CBF022D8}.Release|Any CPU.ActiveCfg = Release|Any CPU
		{B93B3D0E-ED0C-4238-841C-2B37CBF022D8}.Release|Any CPU.Build.0 = Release|Any CPU
		{A318BC13-15FC-4500-AF2E-3C13A5968CF6}.Debug|Any CPU.ActiveCfg = Debug|Any CPU
		{A318BC13-15FC-4500-AF2E-3C13A5968CF6}.Debug|Any CPU.Build.0 = Debug|Any CPU
		{A318BC13-15FC-4500-AF2E-3C13A5968CF6}.Release|Any CPU.ActiveCfg = Release|Any CPU
		{A318BC13-15FC-4500-AF2E-3C13A5968CF6}.Release|Any CPU.Build.0 = Release|Any CPU
	EndGlobalSection
	GlobalSection(SolutionProperties) = preSolution
		HideSolutionNode = FALSE
	EndGlobalSection
EndGlobal
